
Microsoft Visual Studio Solution File, Format Version 12.00
# Visual Studio Version 17
VisualStudioVersion = 17.0.32002.185
MinimumVisualStudioVersion = 10.0.40219.1
Project("{FAE04EC0-301F-11D3-BF4B-00C04F79EFBC}") = "GlutenFree.Android", "GlutenFree\GlutenFree.Android\GlutenFree.Android.csproj", "{80B95A16-EC11-4D93-8DD3-90918AAB7929}"
EndProject
Project("{FAE04EC0-301F-11D3-BF4B-00C04F79EFBC}") = "GlutenFree.iOS", "GlutenFree\GlutenFree.iOS\GlutenFree.iOS.csproj", "{DC8ED054-3D45-4B15-9256-9B270536F09C}"
EndProject
Project("{9A19103F-16F7-4668-BE54-9A1E7A4F7556}") = "GlutenFree", "GlutenFree\GlutenFree\GlutenFree.csproj", "{003BCB3B-4E66-476D-9359-DAC559875FCA}"
EndProject
Project("{FAE04EC0-301F-11D3-BF4B-00C04F79EFBC}") = "GlutenFree.WebService", "GlutenFree.WebService\GlutenFree.WebService.csproj", "{B8DFCF78-C78C-4A5B-91BA-F28687AA08A8}"
EndProject
Project("{9A19103F-16F7-4668-BE54-9A1E7A4F7556}") = "GlutenFree.Login", "GlutenFree.Login\GlutenFree.Login.csproj", "{D5E5B481-58FB-4F24-BC2E-0AD5D88C4379}"
EndProject
Global
	GlobalSection(SolutionConfigurationPlatforms) = preSolution
		Debug|Any CPU = Debug|Any CPU
		Debug|iPhone = Debug|iPhone
		Debug|iPhoneSimulator = Debug|iPhoneSimulator
		Release|Any CPU = Release|Any CPU
		Release|iPhone = Release|iPhone
		Release|iPhoneSimulator = Release|iPhoneSimulator
	EndGlobalSection
	GlobalSection(ProjectConfigurationPlatforms) = postSolution
		{80B95A16-EC11-4D93-8DD3-90918AAB7929}.Debug|Any CPU.ActiveCfg = Debug|Any CPU
		{80B95A16-EC11-4D93-8DD3-90918AAB7929}.Debug|Any CPU.Build.0 = Debug|Any CPU
		{80B95A16-EC11-4D93-8DD3-90918AAB7929}.Debug|Any CPU.Deploy.0 = Debug|Any CPU
		{80B95A16-EC11-4D93-8DD3-90918AAB7929}.Debug|iPhone.ActiveCfg = Debug|Any CPU
		{80B95A16-EC11-4D93-8DD3-90918AAB7929}.Debug|iPhone.Build.0 = Debug|Any CPU
		{80B95A16-EC11-4D93-8DD3-90918AAB7929}.Debug|iPhone.Deploy.0 = Debug|Any CPU
		{80B95A16-EC11-4D93-8DD3-90918AAB7929}.Debug|iPhoneSimulator.ActiveCfg = Debug|Any CPU
		{80B95A16-EC11-4D93-8DD3-90918AAB7929}.Debug|iPhoneSimulator.Build.0 = Debug|Any CPU
		{80B95A16-EC11-4D93-8DD3-90918AAB7929}.Debug|iPhoneSimulator.Deploy.0 = Debug|Any CPU
		{80B95A16-EC11-4D93-8DD3-90918AAB7929}.Release|Any CPU.ActiveCfg = Release|Any CPU
		{80B95A16-EC11-4D93-8DD3-90918AAB7929}.Release|Any CPU.Build.0 = Release|Any CPU
		{80B95A16-EC11-4D93-8DD3-90918AAB7929}.Release|Any CPU.Deploy.0 = Release|Any CPU
		{80B95A16-EC11-4D93-8DD3-90918AAB7929}.Release|iPhone.ActiveCfg = Release|Any CPU
		{80B95A16-EC11-4D93-8DD3-90918AAB7929}.Release|iPhone.Build.0 = Release|Any CPU
		{80B95A16-EC11-4D93-8DD3-90918AAB7929}.Release|iPhone.Deploy.0 = Release|Any CPU
		{80B95A16-EC11-4D93-8DD3-90918AAB7929}.Release|iPhoneSimulator.ActiveCfg = Release|Any CPU
		{80B95A16-EC11-4D93-8DD3-90918AAB7929}.Release|iPhoneSimulator.Build.0 = Release|Any CPU
		{80B95A16-EC11-4D93-8DD3-90918AAB7929}.Release|iPhoneSimulator.Deploy.0 = Release|Any CPU
		{DC8ED054-3D45-4B15-9256-9B270536F09C}.Debug|Any CPU.ActiveCfg = Debug|iPhone
		{DC8ED054-3D45-4B15-9256-9B270536F09C}.Debug|Any CPU.Build.0 = Debug|iPhone
		{DC8ED054-3D45-4B15-9256-9B270536F09C}.Debug|Any CPU.Deploy.0 = Debug|iPhone
		{DC8ED054-3D45-4B15-9256-9B270536F09C}.Debug|iPhone.ActiveCfg = Debug|iPhone
		{DC8ED054-3D45-4B15-9256-9B270536F09C}.Debug|iPhone.Build.0 = Debug|iPhone
		{DC8ED054-3D45-4B15-9256-9B270536F09C}.Debug|iPhone.Deploy.0 = Debug|iPhone
		{DC8ED054-3D45-4B15-9256-9B270536F09C}.Debug|iPhoneSimulator.ActiveCfg = Debug|iPhoneSimulator
		{DC8ED054-3D45-4B15-9256-9B270536F09C}.Debug|iPhoneSimulator.Build.0 = Debug|iPhoneSimulator
		{DC8ED054-3D45-4B15-9256-9B270536F09C}.Debug|iPhoneSimulator.Deploy.0 = Debug|iPhoneSimulator
		{DC8ED054-3D45-4B15-9256-9B270536F09C}.Release|Any CPU.ActiveCfg = Release|iPhoneSimulator
		{DC8ED054-3D45-4B15-9256-9B270536F09C}.Release|Any CPU.Build.0 = Release|iPhoneSimulator
		{DC8ED054-3D45-4B15-9256-9B270536F09C}.Release|Any CPU.Deploy.0 = Release|iPhoneSimulator
		{DC8ED054-3D45-4B15-9256-9B270536F09C}.Release|iPhone.ActiveCfg = Release|iPhone
		{DC8ED054-3D45-4B15-9256-9B270536F09C}.Release|iPhone.Build.0 = Release|iPhone
		{DC8ED054-3D45-4B15-9256-9B270536F09C}.Release|iPhone.Deploy.0 = Release|iPhone
		{DC8ED054-3D45-4B15-9256-9B270536F09C}.Release|iPhoneSimulator.ActiveCfg = Release|iPhoneSimulator
		{DC8ED054-3D45-4B15-9256-9B270536F09C}.Release|iPhoneSimulator.Build.0 = Release|iPhoneSimulator
		{DC8ED054-3D45-4B15-9256-9B270536F09C}.Release|iPhoneSimulator.Deploy.0 = Release|iPhoneSimulator
		{003BCB3B-4E66-476D-9359-DAC559875FCA}.Debug|Any CPU.ActiveCfg = Debug|Any CPU
		{003BCB3B-4E66-476D-9359-DAC559875FCA}.Debug|Any CPU.Build.0 = Debug|Any CPU
		{003BCB3B-4E66-476D-9359-DAC559875FCA}.Debug|Any CPU.Deploy.0 = Debug|Any CPU
		{003BCB3B-4E66-476D-9359-DAC559875FCA}.Debug|iPhone.ActiveCfg = Debug|Any CPU
		{003BCB3B-4E66-476D-9359-DAC559875FCA}.Debug|iPhone.Build.0 = Debug|Any CPU
		{003BCB3B-4E66-476D-9359-DAC559875FCA}.Debug|iPhone.Deploy.0 = Debug|Any CPU
		{003BCB3B-4E66-476D-9359-DAC559875FCA}.Debug|iPhoneSimulator.ActiveCfg = Debug|Any CPU
		{003BCB3B-4E66-476D-9359-DAC559875FCA}.Debug|iPhoneSimulator.Build.0 = Debug|Any CPU
		{003BCB3B-4E66-476D-9359-DAC559875FCA}.Debug|iPhoneSimulator.Deploy.0 = Debug|Any CPU
		{003BCB3B-4E66-476D-9359-DAC559875FCA}.Release|Any CPU.ActiveCfg = Release|Any CPU
		{003BCB3B-4E66-476D-9359-DAC559875FCA}.Release|Any CPU.Build.0 = Release|Any CPU
		{003BCB3B-4E66-476D-9359-DAC559875FCA}.Release|Any CPU.Deploy.0 = Release|Any CPU
		{003BCB3B-4E66-476D-9359-DAC559875FCA}.Release|iPhone.ActiveCfg = Release|Any CPU
		{003BCB3B-4E66-476D-9359-DAC559875FCA}.Release|iPhone.Build.0 = Release|Any CPU
		{003BCB3B-4E66-476D-9359-DAC559875FCA}.Release|iPhone.Deploy.0 = Release|Any CPU
		{003BCB3B-4E66-476D-9359-DAC559875FCA}.Release|iPhoneSimulator.ActiveCfg = Release|Any CPU
		{003BCB3B-4E66-476D-9359-DAC559875FCA}.Release|iPhoneSimulator.Build.0 = Release|Any CPU
		{003BCB3B-4E66-476D-9359-DAC559875FCA}.Release|iPhoneSimulator.Deploy.0 = Release|Any CPU
		{B8DFCF78-C78C-4A5B-91BA-F28687AA08A8}.Debug|Any CPU.ActiveCfg = Debug|Any CPU
		{B8DFCF78-C78C-4A5B-91BA-F28687AA08A8}.Debug|Any CPU.Build.0 = Debug|Any CPU
		{B8DFCF78-C78C-4A5B-91BA-F28687AA08A8}.Debug|iPhone.ActiveCfg = Debug|Any CPU
		{B8DFCF78-C78C-4A5B-91BA-F28687AA08A8}.Debug|iPhone.Build.0 = Debug|Any CPU
		{B8DFCF78-C78C-4A5B-91BA-F28687AA08A8}.Debug|iPhoneSimulator.ActiveCfg = Debug|Any CPU
		{B8DFCF78-C78C-4A5B-91BA-F28687AA08A8}.Debug|iPhoneSimulator.Build.0 = Debug|Any CPU
		{B8DFCF78-C78C-4A5B-91BA-F28687AA08A8}.Release|Any CPU.ActiveCfg = Release|Any CPU
		{B8DFCF78-C78C-4A5B-91BA-F28687AA08A8}.Release|Any CPU.Build.0 = Release|Any CPU
		{B8DFCF78-C78C-4A5B-91BA-F28687AA08A8}.Release|iPhone.ActiveCfg = Release|Any CPU
		{B8DFCF78-C78C-4A5B-91BA-F28687AA08A8}.Release|iPhone.Build.0 = Release|Any CPU
		{B8DFCF78-C78C-4A5B-91BA-F28687AA08A8}.Release|iPhoneSimulator.ActiveCfg = Release|Any CPU
		{B8DFCF78-C78C-4A5B-91BA-F28687AA08A8}.Release|iPhoneSimulator.Build.0 = Release|Any CPU
		{D5E5B481-58FB-4F24-BC2E-0AD5D88C4379}.Debug|Any CPU.ActiveCfg = Debug|Any CPU
		{D5E5B481-58FB-4F24-BC2E-0AD5D88C4379}.Debug|Any CPU.Build.0 = Debug|Any CPU
		{D5E5B481-58FB-4F24-BC2E-0AD5D88C4379}.Debug|iPhone.ActiveCfg = Debug|Any CPU
		{D5E5B481-58FB-4F24-BC2E-0AD5D88C4379}.Debug|iPhone.Build.0 = Debug|Any CPU
		{D5E5B481-58FB-4F24-BC2E-0AD5D88C4379}.Debug|iPhoneSimulator.ActiveCfg = Debug|Any CPU
		{D5E5B481-58FB-4F24-BC2E-0AD5D88C4379}.Debug|iPhoneSimulator.Build.0 = Debug|Any CPU
		{D5E5B481-58FB-4F24-BC2E-0AD5D88C4379}.Release|Any CPU.ActiveCfg = Release|Any CPU
		{D5E5B481-58FB-4F24-BC2E-0AD5D88C4379}.Release|Any CPU.Build.0 = Release|Any CPU
		{D5E5B481-58FB-4F24-BC2E-0AD5D88C4379}.Release|iPhone.ActiveCfg = Release|Any CPU
		{D5E5B481-58FB-4F24-BC2E-0AD5D88C4379}.Release|iPhone.Build.0 = Release|Any CPU
		{D5E5B481-58FB-4F24-BC2E-0AD5D88C4379}.Release|iPhoneSimulator.ActiveCfg = Release|Any CPU
		{D5E5B481-58FB-4F24-BC2E-0AD5D88C4379}.Release|iPhoneSimulator.Build.0 = Release|Any CPU
	EndGlobalSection
	GlobalSection(SolutionProperties) = preSolution
		HideSolutionNode = FALSE
	EndGlobalSection
	GlobalSection(ExtensibilityGlobals) = postSolution
		SolutionGuid = {CA2AEFB1-BB3A-4C39-BA53-B76216B5B06B}
	EndGlobalSection
EndGlobal
